
Microsoft Visual Studio Solution File, Format Version 12.00
# Visual Studio Version 17
VisualStudioVersion = 17.6.33723.286
MinimumVisualStudioVersion = 10.0.40219.1
Project("{FAE04EC0-301F-11D3-BF4B-00C04F79EFBC}") = "TravelPlannerGraphQL", "TravelPlannerGraphQL\TravelPlannerGraphQL.csproj", "{96B07BC2-9B55-4C12-BA85-5D189FC159A6}"
EndProject
Global
	GlobalSection(SolutionConfigurationPlatforms) = preSolution
		Debug|Any CPU = Debug|Any CPU
		Release|Any CPU = Release|Any CPU
	EndGlobalSection
	GlobalSection(ProjectConfigurationPlatforms) = postSolution
		{96B07BC2-9B55-4C12-BA85-5D189FC159A6}.Debug|Any CPU.ActiveCfg = Debug|Any CPU
		{96B07BC2-9B55-4C12-BA85-5D189FC159A6}.Debug|Any CPU.Build.0 = Debug|Any CPU
		{96B07BC2-9B55-4C12-BA85-5D189FC159A6}.Release|Any CPU.ActiveCfg = Release|Any CPU
		{96B07BC2-9B55-4C12-BA85-5D189FC159A6}.Release|Any CPU.Build.0 = Release|Any CPU
	EndGlobalSection
	GlobalSection(SolutionProperties) = preSolution
		HideSolutionNode = FALSE
	EndGlobalSection
	GlobalSection(ExtensibilityGlobals) = postSolution
		SolutionGuid = {AB4FBF89-FC2F-4827-9D3F-313B3C2EC871}
	EndGlobalSection
EndGlobal
